<?xml version="1.0" encoding="utf-8"?>
<Project ToolsVersion="4.0" xmlns="http://schemas.microsoft.com/developer/msbuild/2003">
  <ItemGroup>
    <Filter Include="src">
      <UniqueIdentifier>{77618d6d-89e3-416a-bc2e-b7863feca232}</UniqueIdentifier>
    </Filter>
    <Filter Include="src\Player">
      <UniqueIdentifier>{be2c88f4-ad1f-4c38-aa3b-08080c4c9983}</UniqueIdentifier>
    </Filter>
    <Filter Include="src\Manager">
      <UniqueIdentifier>{158a2792-2143-4068-a401-7a6b2d05607c}</UniqueIdentifier>
    </Filter>
    <Filter Include="src\Meteor">
      <UniqueIdentifier>{b52082d6-232d-4a46-83a1-29cb861af74b}</UniqueIdentifier>
    </Filter>
    <Filter Include="src\UI">
      <UniqueIdentifier>{f9b6d063-0b21-46cc-bd73-a96d2e5b4b5c}</UniqueIdentifier>
    </Filter>
    <Filter Include="src\Missile">
      <UniqueIdentifier>{c86e223a-23c0-473f-80d8-435ed1391dcb}</UniqueIdentifier>
    </Filter>
    <Filter Include="src\Scenes">
      <UniqueIdentifier>{5cdb9d61-ecd2-44f2-ad43-32363ac2f6eb}</UniqueIdentifier>
    </Filter>
    <Filter Include="src\Scenes\Menu">
      <UniqueIdentifier>{573fcdac-b42b-4119-8e16-69b192073490}</UniqueIdentifier>
    </Filter>
  </ItemGroup>
  <ItemGroup>
    <ClCompile Include="src\main.cpp">
      <Filter>src</Filter>
    </ClCompile>
    <ClCompile Include="src\Manager\manager.cpp">
      <Filter>src\Manager</Filter>
    </ClCompile>
    <ClCompile Include="src\Player\player.cpp">
      <Filter>src\Player</Filter>
    </ClCompile>
    <ClCompile Include="src\Meteor\meteor.cpp">
      <Filter>src\Meteor</Filter>
    </ClCompile>
    <ClCompile Include="src\UI\UI.cpp">
      <Filter>src\UI</Filter>
    </ClCompile>
    <ClCompile Include="src\Missile\missile.cpp">
      <Filter>src\Missile</Filter>
    </ClCompile>
    <ClCompile Include="src\Menu\menu.cpp">
      <Filter>src\Scenes\Menu</Filter>
    </ClCompile>
  </ItemGroup>
  <ItemGroup>
    <ClInclude Include="src\Manager\manager.h">
      <Filter>src\Manager</Filter>
    </ClInclude>
    <ClInclude Include="src\Player\player.h">
      <Filter>src\Player</Filter>
    </ClInclude>
    <ClInclude Include="src\UI\UI.h">
      <Filter>src\UI</Filter>
    </ClInclude>
    <ClInclude Include="src\Meteor\meteor.h">
      <Filter>src\Meteor</Filter>
    </ClInclude>
    <ClInclude Include="src\Missile\missile.h">
      <Filter>src\Missile</Filter>
    </ClInclude>
    <ClInclude Include="src\Menu\menu.h">
      <Filter>src\Scenes\Menu</Filter>
    </ClInclude>
  </ItemGroup>
</Project>